
Microsoft Visual Studio Solution File, Format Version 12.00
# Visual Studio Version 17
VisualStudioVersion = 17.5.002.0
MinimumVisualStudioVersion = 10.0.40219.1
Project("{2150E333-8FDC-42A3-9474-1A3956D46DE8}") = "src", "src", "{D04C790D-DF5E-4BD0-AE6B-C4CD0379A233}"
EndProject
Project("{9A19103F-16F7-4668-BE54-9A1E7A4F7556}") = "EmailProcessingService", "src\EmailProcessingService\EmailProcessingService.csproj", "{17719221-F32E-45A6-9CDF-4A4A573ADB42}"
EndProject
Project("{9A19103F-16F7-4668-BE54-9A1E7A4F7556}") = "OracleSimulation", "src\OracleSimulation\OracleSimulation.csproj", "{DDDEFFAD-F7AF-4F2F-86F5-2661BA38C5F2}"
EndProject
Project("{9A19103F-16F7-4668-BE54-9A1E7A4F7556}") = "EmailFetchingService", "src\EmailFetchingService\EmailFetchingService.csproj", "{18CB313C-D05F-4270-B79D-C06ED7C13974}"
EndProject
Project("{9A19103F-16F7-4668-BE54-9A1E7A4F7556}") = "EmailSendingService", "src\EmailSendingService\EmailSendingService.csproj", "{45486F4E-3CE7-4C0B-A5DC-230E5D862DA6}"
EndProject
Global
	GlobalSection(SolutionConfigurationPlatforms) = preSolution
		Debug|Any CPU = Debug|Any CPU
		Release|Any CPU = Release|Any CPU
	EndGlobalSection
	GlobalSection(ProjectConfigurationPlatforms) = postSolution
		{17719221-F32E-45A6-9CDF-4A4A573ADB42}.Debug|Any CPU.ActiveCfg = Debug|Any CPU
		{17719221-F32E-45A6-9CDF-4A4A573ADB42}.Debug|Any CPU.Build.0 = Debug|Any CPU
		{17719221-F32E-45A6-9CDF-4A4A573ADB42}.Release|Any CPU.ActiveCfg = Release|Any CPU
		{17719221-F32E-45A6-9CDF-4A4A573ADB42}.Release|Any CPU.Build.0 = Release|Any CPU
		{DDDEFFAD-F7AF-4F2F-86F5-2661BA38C5F2}.Debug|Any CPU.ActiveCfg = Debug|Any CPU
		{DDDEFFAD-F7AF-4F2F-86F5-2661BA38C5F2}.Debug|Any CPU.Build.0 = Debug|Any CPU
		{DDDEFFAD-F7AF-4F2F-86F5-2661BA38C5F2}.Release|Any CPU.ActiveCfg = Release|Any CPU
		{DDDEFFAD-F7AF-4F2F-86F5-2661BA38C5F2}.Release|Any CPU.Build.0 = Release|Any CPU
		{18CB313C-D05F-4270-B79D-C06ED7C13974}.Debug|Any CPU.ActiveCfg = Debug|Any CPU
		{18CB313C-D05F-4270-B79D-C06ED7C13974}.Debug|Any CPU.Build.0 = Debug|Any CPU
		{18CB313C-D05F-4270-B79D-C06ED7C13974}.Release|Any CPU.ActiveCfg = Release|Any CPU
		{18CB313C-D05F-4270-B79D-C06ED7C13974}.Release|Any CPU.Build.0 = Release|Any CPU
		{45486F4E-3CE7-4C0B-A5DC-230E5D862DA6}.Debug|Any CPU.ActiveCfg = Debug|Any CPU
		{45486F4E-3CE7-4C0B-A5DC-230E5D862DA6}.Debug|Any CPU.Build.0 = Debug|Any CPU
		{45486F4E-3CE7-4C0B-A5DC-230E5D862DA6}.Release|Any CPU.ActiveCfg = Release|Any CPU
		{45486F4E-3CE7-4C0B-A5DC-230E5D862DA6}.Release|Any CPU.Build.0 = Release|Any CPU
		{FFD62B1A-334C-44AA-B761-97AC6B051E71}.Debug|Any CPU.ActiveCfg = Debug|Any CPU
		{FFD62B1A-334C-44AA-B761-97AC6B051E71}.Debug|Any CPU.Build.0 = Debug|Any CPU
		{FFD62B1A-334C-44AA-B761-97AC6B051E71}.Release|Any CPU.ActiveCfg = Release|Any CPU
		{FFD62B1A-334C-44AA-B761-97AC6B051E71}.Release|Any CPU.Build.0 = Release|Any CPU
	EndGlobalSection
	GlobalSection(SolutionProperties) = preSolution
		HideSolutionNode = FALSE
	EndGlobalSection
	GlobalSection(NestedProjects) = preSolution
		{17719221-F32E-45A6-9CDF-4A4A573ADB42} = {D04C790D-DF5E-4BD0-AE6B-C4CD0379A233}
		{DDDEFFAD-F7AF-4F2F-86F5-2661BA38C5F2} = {D04C790D-DF5E-4BD0-AE6B-C4CD0379A233}
		{18CB313C-D05F-4270-B79D-C06ED7C13974} = {D04C790D-DF5E-4BD0-AE6B-C4CD0379A233}
		{45486F4E-3CE7-4C0B-A5DC-230E5D862DA6} = {D04C790D-DF5E-4BD0-AE6B-C4CD0379A233}
		{FFD62B1A-334C-44AA-B761-97AC6B051E71} = {D04C790D-DF5E-4BD0-AE6B-C4CD0379A233}
	EndGlobalSection
	GlobalSection(ExtensibilityGlobals) = postSolution
		SolutionGuid = {355E23B1-2DB8-4AD6-B3AB-C5E5AEE09244}
	EndGlobalSection
EndGlobal
